
Microsoft Visual Studio Solution File, Format Version 12.00
# Visual Studio 15
VisualStudioVersion = 15.0.26124.0
MinimumVisualStudioVersion = 15.0.26124.0
Project("{E53339B2-1760-4266-BCC7-CA923CBCF16C}") = "docker-compose", "docker-compose.dcproj", "{FEA0C318-FFED-4D39-8781-265718CA43DD}"
EndProject
Project("{FAE04EC0-301F-11D3-BF4B-00C04F79EFBC}") = "Heartbeat", "Heartbeat\Heartbeat.csproj", "{0E10E146-A02E-416A-902C-7D29FEFEA9BF}"
EndProject
Project("{FAE04EC0-301F-11D3-BF4B-00C04F79EFBC}") = "Heartbeat.EKG", "Heartbeat.EKG\Heartbeat.EKG.csproj", "{11E043EB-D80D-4BD8-A77B-9C3E67A48BCA}"
EndProject
Project("{FAE04EC0-301F-11D3-BF4B-00C04F79EFBC}") = "MockService", "MockService\MockService.csproj", "{A1AA3E99-2EA9-433C-9475-5146DAA49556}"
EndProject
Global
	GlobalSection(SolutionConfigurationPlatforms) = preSolution
		Debug|Any CPU = Debug|Any CPU
		Debug|x64 = Debug|x64
		Debug|x86 = Debug|x86
		Release|Any CPU = Release|Any CPU
		Release|x64 = Release|x64
		Release|x86 = Release|x86
	EndGlobalSection
	GlobalSection(SolutionProperties) = preSolution
		HideSolutionNode = FALSE
	EndGlobalSection
	GlobalSection(ProjectConfigurationPlatforms) = postSolution
		{0E10E146-A02E-416A-902C-7D29FEFEA9BF}.Debug|Any CPU.ActiveCfg = Debug|Any CPU
		{0E10E146-A02E-416A-902C-7D29FEFEA9BF}.Debug|Any CPU.Build.0 = Debug|Any CPU
		{0E10E146-A02E-416A-902C-7D29FEFEA9BF}.Debug|x64.ActiveCfg = Debug|Any CPU
		{0E10E146-A02E-416A-902C-7D29FEFEA9BF}.Debug|x64.Build.0 = Debug|Any CPU
		{0E10E146-A02E-416A-902C-7D29FEFEA9BF}.Debug|x86.ActiveCfg = Debug|Any CPU
		{0E10E146-A02E-416A-902C-7D29FEFEA9BF}.Debug|x86.Build.0 = Debug|Any CPU
		{0E10E146-A02E-416A-902C-7D29FEFEA9BF}.Release|Any CPU.ActiveCfg = Release|Any CPU
		{0E10E146-A02E-416A-902C-7D29FEFEA9BF}.Release|Any CPU.Build.0 = Release|Any CPU
		{0E10E146-A02E-416A-902C-7D29FEFEA9BF}.Release|x64.ActiveCfg = Release|Any CPU
		{0E10E146-A02E-416A-902C-7D29FEFEA9BF}.Release|x64.Build.0 = Release|Any CPU
		{0E10E146-A02E-416A-902C-7D29FEFEA9BF}.Release|x86.ActiveCfg = Release|Any CPU
		{0E10E146-A02E-416A-902C-7D29FEFEA9BF}.Release|x86.Build.0 = Release|Any CPU
		{11E043EB-D80D-4BD8-A77B-9C3E67A48BCA}.Debug|Any CPU.ActiveCfg = Debug|Any CPU
		{11E043EB-D80D-4BD8-A77B-9C3E67A48BCA}.Debug|Any CPU.Build.0 = Debug|Any CPU
		{11E043EB-D80D-4BD8-A77B-9C3E67A48BCA}.Debug|x64.ActiveCfg = Debug|Any CPU
		{11E043EB-D80D-4BD8-A77B-9C3E67A48BCA}.Debug|x64.Build.0 = Debug|Any CPU
		{11E043EB-D80D-4BD8-A77B-9C3E67A48BCA}.Debug|x86.ActiveCfg = Debug|Any CPU
		{11E043EB-D80D-4BD8-A77B-9C3E67A48BCA}.Debug|x86.Build.0 = Debug|Any CPU
		{11E043EB-D80D-4BD8-A77B-9C3E67A48BCA}.Release|Any CPU.ActiveCfg = Release|Any CPU
		{11E043EB-D80D-4BD8-A77B-9C3E67A48BCA}.Release|Any CPU.Build.0 = Release|Any CPU
		{11E043EB-D80D-4BD8-A77B-9C3E67A48BCA}.Release|x64.ActiveCfg = Release|Any CPU
		{11E043EB-D80D-4BD8-A77B-9C3E67A48BCA}.Release|x64.Build.0 = Release|Any CPU
		{11E043EB-D80D-4BD8-A77B-9C3E67A48BCA}.Release|x86.ActiveCfg = Release|Any CPU
		{11E043EB-D80D-4BD8-A77B-9C3E67A48BCA}.Release|x86.Build.0 = Release|Any CPU
		{A1AA3E99-2EA9-433C-9475-5146DAA49556}.Debug|Any CPU.ActiveCfg = Debug|Any CPU
		{A1AA3E99-2EA9-433C-9475-5146DAA49556}.Debug|Any CPU.Build.0 = Debug|Any CPU
		{A1AA3E99-2EA9-433C-9475-5146DAA49556}.Debug|x64.ActiveCfg = Debug|Any CPU
		{A1AA3E99-2EA9-433C-9475-5146DAA49556}.Debug|x64.Build.0 = Debug|Any CPU
		{A1AA3E99-2EA9-433C-9475-5146DAA49556}.Debug|x86.ActiveCfg = Debug|Any CPU
		{A1AA3E99-2EA9-433C-9475-5146DAA49556}.Debug|x86.Build.0 = Debug|Any CPU
		{A1AA3E99-2EA9-433C-9475-5146DAA49556}.Release|Any CPU.ActiveCfg = Release|Any CPU
		{A1AA3E99-2EA9-433C-9475-5146DAA49556}.Release|Any CPU.Build.0 = Release|Any CPU
		{A1AA3E99-2EA9-433C-9475-5146DAA49556}.Release|x64.ActiveCfg = Release|Any CPU
		{A1AA3E99-2EA9-433C-9475-5146DAA49556}.Release|x64.Build.0 = Release|Any CPU
		{A1AA3E99-2EA9-433C-9475-5146DAA49556}.Release|x86.ActiveCfg = Release|Any CPU
		{A1AA3E99-2EA9-433C-9475-5146DAA49556}.Release|x86.Build.0 = Release|Any CPU
	EndGlobalSection
EndGlobal
